
Microsoft Visual Studio Solution File, Format Version 12.00
# Visual Studio Version 17
VisualStudioVersion = 17.7.34003.232
MinimumVisualStudioVersion = 10.0.40219.1
Project("{9A19103F-16F7-4668-BE54-9A1E7A4F7556}") = "licon4812.Orleans.TemplatePack", "licon4812.Orleans.TemplatePack\licon4812.Orleans.TemplatePack.csproj", "{2A84B85F-7F86-433F-82F1-4E22AFBF89D1}"
EndProject
Project("{2150E333-8FDC-42A3-9474-1A3956D46DE8}") = "Solution Items", "Solution Items", "{1111FF30-A184-4741-A86E-94F160800AF6}"
	ProjectSection(SolutionItems) = preProject
		..\README.md = ..\README.md
	EndProjectSection
EndProject
Global
	GlobalSection(SolutionConfigurationPlatforms) = preSolution
		Debug|Any CPU = Debug|Any CPU
		Release|Any CPU = Release|Any CPU
	EndGlobalSection
	GlobalSection(ProjectConfigurationPlatforms) = postSolution
		{2A84B85F-7F86-433F-82F1-4E22AFBF89D1}.Debug|Any CPU.ActiveCfg = Debug|Any CPU
		{2A84B85F-7F86-433F-82F1-4E22AFBF89D1}.Debug|Any CPU.Build.0 = Debug|Any CPU
		{2A84B85F-7F86-433F-82F1-4E22AFBF89D1}.Release|Any CPU.ActiveCfg = Release|Any CPU
		{2A84B85F-7F86-433F-82F1-4E22AFBF89D1}.Release|Any CPU.Build.0 = Release|Any CPU
	EndGlobalSection
	GlobalSection(SolutionProperties) = preSolution
		HideSolutionNode = FALSE
	EndGlobalSection
	GlobalSection(ExtensibilityGlobals) = postSolution
		SolutionGuid = {CC06D748-B2FE-4B93-8458-1E45A41B381C}
	EndGlobalSection
EndGlobal
